Microsoft Visual Studio Solution File, Format Version 12.00
# Visual Studio 2012
Project("{FAE04EC0-301F-11D3-BF4B-00C04F79EFBC}") = "Godot Text Adventure", "Godot Text Adventure.csproj", "{AFA44DC7-1F26-4D5B-B8F0-E1D3A94382DF}"
EndProject
Global
	GlobalSection(SolutionConfigurationPlatforms) = preSolution
	Debug|Any CPU = Debug|Any CPU
	ExportDebug|Any CPU = ExportDebug|Any CPU
	ExportRelease|Any CPU = ExportRelease|Any CPU
	EndGlobalSection
	GlobalSection(ProjectConfigurationPlatforms) = postSolution
		{AFA44DC7-1F26-4D5B-B8F0-E1D3A94382DF}.Debug|Any CPU.ActiveCfg = Debug|Any CPU
		{AFA44DC7-1F26-4D5B-B8F0-E1D3A94382DF}.Debug|Any CPU.Build.0 = Debug|Any CPU
		{AFA44DC7-1F26-4D5B-B8F0-E1D3A94382DF}.ExportDebug|Any CPU.ActiveCfg = ExportDebug|Any CPU
		{AFA44DC7-1F26-4D5B-B8F0-E1D3A94382DF}.ExportDebug|Any CPU.Build.0 = ExportDebug|Any CPU
		{AFA44DC7-1F26-4D5B-B8F0-E1D3A94382DF}.ExportRelease|Any CPU.ActiveCfg = ExportRelease|Any CPU
		{AFA44DC7-1F26-4D5B-B8F0-E1D3A94382DF}.ExportRelease|Any CPU.Build.0 = ExportRelease|Any CPU
	EndGlobalSection
EndGlobal
